
Microsoft Visual Studio Solution File, Format Version 12.00
# Visual Studio Version 16
VisualStudioVersion = 16.6.30114.105
MinimumVisualStudioVersion = 10.0.40219.1
Project("{9A19103F-16F7-4668-BE54-9A1E7A4F7556}") = "Fletchling.Api", "Fletchling.Api\Fletchling.Api.csproj", "{DC5A1956-37A2-4110-9DB7-5610E7D64B3B}"
EndProject
Project("{2150E333-8FDC-42A3-9474-1A3956D46DE8}") = "Solution Items", "Solution Items", "{C3722E7A-31AF-4B4D-8906-C15AB46FDBE5}"
	ProjectSection(SolutionItems) = preProject
		..\..\.gitignore = ..\..\.gitignore
	EndProjectSection
EndProject
Project("{9A19103F-16F7-4668-BE54-9A1E7A4F7556}") = "Fletchling.Data", "Fletchling.Data\Fletchling.Data.csproj", "{3FADFBF8-0872-425F-874B-E714D742255A}"
EndProject
Project("{E53339B2-1760-4266-BCC7-CA923CBCF16C}") = "docker-compose", "..\docker-compose.dcproj", "{F3641974-511A-4A44-9036-7A852F68B8C2}"
EndProject
Project("{FAE04EC0-301F-11D3-BF4B-00C04F79EFBC}") = "Fletchling.Application", "Fletchling.Application\Fletchling.Application.csproj", "{03176841-871B-4387-9150-2407F33493E5}"
EndProject
Project("{FAE04EC0-301F-11D3-BF4B-00C04F79EFBC}") = "Fletchling.Domain", "Fletchling.Domain\Fletchling.Domain.csproj", "{F7691AAA-5043-4176-9822-BDE7CD58C27C}"
EndProject
Project("{2150E333-8FDC-42A3-9474-1A3956D46DE8}") = "tests", "tests", "{9219B18D-63A9-47C3-B386-41AC79B311D7}"
EndProject
Project("{2150E333-8FDC-42A3-9474-1A3956D46DE8}") = "src", "src", "{BE740B30-0DB4-41EF-84C8-CA25996F98C6}"
EndProject
Project("{FAE04EC0-301F-11D3-BF4B-00C04F79EFBC}") = "Fletchling.Api.Tests", "..\..\tests\Fletchling.Api.Tests\Fletchling.Api.Tests.csproj", "{16601491-8F3A-485F-92EC-336B4956F43F}"
EndProject
Project("{FAE04EC0-301F-11D3-BF4B-00C04F79EFBC}") = "UnitTests", "..\..\tests\UnitTests\UnitTests.csproj", "{8E7562D8-7088-4E71-97BC-8A5CFCF3A280}"
EndProject
Project("{FAE04EC0-301F-11D3-BF4B-00C04F79EFBC}") = "IntegrationTests", "..\..\tests\IntegrationTests\IntegrationTests.csproj", "{6D5D47ED-B170-4617-8618-37774A6130F1}"
EndProject
Global
	GlobalSection(SolutionConfigurationPlatforms) = preSolution
		Debug|Any CPU = Debug|Any CPU
		Debug|x64 = Debug|x64
		Debug|x86 = Debug|x86
		Release|Any CPU = Release|Any CPU
		Release|x64 = Release|x64
		Release|x86 = Release|x86
	EndGlobalSection
	GlobalSection(ProjectConfigurationPlatforms) = postSolution
		{DC5A1956-37A2-4110-9DB7-5610E7D64B3B}.Debug|Any CPU.ActiveCfg = Debug|Any CPU
		{DC5A1956-37A2-4110-9DB7-5610E7D64B3B}.Debug|Any CPU.Build.0 = Debug|Any CPU
		{DC5A1956-37A2-4110-9DB7-5610E7D64B3B}.Debug|x64.ActiveCfg = Debug|Any CPU
		{DC5A1956-37A2-4110-9DB7-5610E7D64B3B}.Debug|x64.Build.0 = Debug|Any CPU
		{DC5A1956-37A2-4110-9DB7-5610E7D64B3B}.Debug|x86.ActiveCfg = Debug|Any CPU
		{DC5A1956-37A2-4110-9DB7-5610E7D64B3B}.Debug|x86.Build.0 = Debug|Any CPU
		{DC5A1956-37A2-4110-9DB7-5610E7D64B3B}.Release|Any CPU.ActiveCfg = Release|Any CPU
		{DC5A1956-37A2-4110-9DB7-5610E7D64B3B}.Release|Any CPU.Build.0 = Release|Any CPU
		{DC5A1956-37A2-4110-9DB7-5610E7D64B3B}.Release|x64.ActiveCfg = Release|Any CPU
		{DC5A1956-37A2-4110-9DB7-5610E7D64B3B}.Release|x64.Build.0 = Release|Any CPU
		{DC5A1956-37A2-4110-9DB7-5610E7D64B3B}.Release|x86.ActiveCfg = Release|Any CPU
		{DC5A1956-37A2-4110-9DB7-5610E7D64B3B}.Release|x86.Build.0 = Release|Any CPU
		{3FADFBF8-0872-425F-874B-E714D742255A}.Debug|Any CPU.ActiveCfg = Debug|Any CPU
		{3FADFBF8-0872-425F-874B-E714D742255A}.Debug|Any CPU.Build.0 = Debug|Any CPU
		{3FADFBF8-0872-425F-874B-E714D742255A}.Debug|x64.ActiveCfg = Debug|Any CPU
		{3FADFBF8-0872-425F-874B-E714D742255A}.Debug|x64.Build.0 = Debug|Any CPU
		{3FADFBF8-0872-425F-874B-E714D742255A}.Debug|x86.ActiveCfg = Debug|Any CPU
		{3FADFBF8-0872-425F-874B-E714D742255A}.Debug|x86.Build.0 = Debug|Any CPU
		{3FADFBF8-0872-425F-874B-E714D742255A}.Release|Any CPU.ActiveCfg = Release|Any CPU
		{3FADFBF8-0872-425F-874B-E714D742255A}.Release|Any CPU.Build.0 = Release|Any CPU
		{3FADFBF8-0872-425F-874B-E714D742255A}.Release|x64.ActiveCfg = Release|Any CPU
		{3FADFBF8-0872-425F-874B-E714D742255A}.Release|x64.Build.0 = Release|Any CPU
		{3FADFBF8-0872-425F-874B-E714D742255A}.Release|x86.ActiveCfg = Release|Any CPU
		{3FADFBF8-0872-425F-874B-E714D742255A}.Release|x86.Build.0 = Release|Any CPU
		{F3641974-511A-4A44-9036-7A852F68B8C2}.Debug|Any CPU.ActiveCfg = Debug|Any CPU
		{F3641974-511A-4A44-9036-7A852F68B8C2}.Debug|Any CPU.Build.0 = Debug|Any CPU
		{F3641974-511A-4A44-9036-7A852F68B8C2}.Debug|x64.ActiveCfg = Debug|Any CPU
		{F3641974-511A-4A44-9036-7A852F68B8C2}.Debug|x64.Build.0 = Debug|Any CPU
		{F3641974-511A-4A44-9036-7A852F68B8C2}.Debug|x86.ActiveCfg = Debug|Any CPU
		{F3641974-511A-4A44-9036-7A852F68B8C2}.Debug|x86.Build.0 = Debug|Any CPU
		{F3641974-511A-4A44-9036-7A852F68B8C2}.Release|Any CPU.ActiveCfg = Release|Any CPU
		{F3641974-511A-4A44-9036-7A852F68B8C2}.Release|Any CPU.Build.0 = Release|Any CPU
		{F3641974-511A-4A44-9036-7A852F68B8C2}.Release|x64.ActiveCfg = Release|Any CPU
		{F3641974-511A-4A44-9036-7A852F68B8C2}.Release|x64.Build.0 = Release|Any CPU
		{F3641974-511A-4A44-9036-7A852F68B8C2}.Release|x86.ActiveCfg = Release|Any CPU
		{F3641974-511A-4A44-9036-7A852F68B8C2}.Release|x86.Build.0 = Release|Any CPU
		{03176841-871B-4387-9150-2407F33493E5}.Debug|Any CPU.ActiveCfg = Debug|Any CPU
		{03176841-871B-4387-9150-2407F33493E5}.Debug|Any CPU.Build.0 = Debug|Any CPU
		{03176841-871B-4387-9150-2407F33493E5}.Debug|x64.ActiveCfg = Debug|Any CPU
		{03176841-871B-4387-9150-2407F33493E5}.Debug|x64.Build.0 = Debug|Any CPU
		{03176841-871B-4387-9150-2407F33493E5}.Debug|x86.ActiveCfg = Debug|Any CPU
		{03176841-871B-4387-9150-2407F33493E5}.Debug|x86.Build.0 = Debug|Any CPU
		{03176841-871B-4387-9150-2407F33493E5}.Release|Any CPU.ActiveCfg = Release|Any CPU
		{03176841-871B-4387-9150-2407F33493E5}.Release|Any CPU.Build.0 = Release|Any CPU
		{03176841-871B-4387-9150-2407F33493E5}.Release|x64.ActiveCfg = Release|Any CPU
		{03176841-871B-4387-9150-2407F33493E5}.Release|x64.Build.0 = Release|Any CPU
		{03176841-871B-4387-9150-2407F33493E5}.Release|x86.ActiveCfg = Release|Any CPU
		{03176841-871B-4387-9150-2407F33493E5}.Release|x86.Build.0 = Release|Any CPU
		{F7691AAA-5043-4176-9822-BDE7CD58C27C}.Debug|Any CPU.ActiveCfg = Debug|Any CPU
		{F7691AAA-5043-4176-9822-BDE7CD58C27C}.Debug|Any CPU.Build.0 = Debug|Any CPU
		{F7691AAA-5043-4176-9822-BDE7CD58C27C}.Debug|x64.ActiveCfg = Debug|Any CPU
		{F7691AAA-5043-4176-9822-BDE7CD58C27C}.Debug|x64.Build.0 = Debug|Any CPU
		{F7691AAA-5043-4176-9822-BDE7CD58C27C}.Debug|x86.ActiveCfg = Debug|Any CPU
		{F7691AAA-5043-4176-9822-BDE7CD58C27C}.Debug|x86.Build.0 = Debug|Any CPU
		{F7691AAA-5043-4176-9822-BDE7CD58C27C}.Release|Any CPU.ActiveCfg = Release|Any CPU
		{F7691AAA-5043-4176-9822-BDE7CD58C27C}.Release|Any CPU.Build.0 = Release|Any CPU
		{F7691AAA-5043-4176-9822-BDE7CD58C27C}.Release|x64.ActiveCfg = Release|Any CPU
		{F7691AAA-5043-4176-9822-BDE7CD58C27C}.Release|x64.Build.0 = Release|Any CPU
		{F7691AAA-5043-4176-9822-BDE7CD58C27C}.Release|x86.ActiveCfg = Release|Any CPU
		{F7691AAA-5043-4176-9822-BDE7CD58C27C}.Release|x86.Build.0 = Release|Any CPU
		{16601491-8F3A-485F-92EC-336B4956F43F}.Debug|Any CPU.ActiveCfg = Debug|Any CPU
		{16601491-8F3A-485F-92EC-336B4956F43F}.Debug|Any CPU.Build.0 = Debug|Any CPU
		{16601491-8F3A-485F-92EC-336B4956F43F}.Debug|x64.ActiveCfg = Debug|Any CPU
		{16601491-8F3A-485F-92EC-336B4956F43F}.Debug|x64.Build.0 = Debug|Any CPU
		{16601491-8F3A-485F-92EC-336B4956F43F}.Debug|x86.ActiveCfg = Debug|Any CPU
		{16601491-8F3A-485F-92EC-336B4956F43F}.Debug|x86.Build.0 = Debug|Any CPU
		{16601491-8F3A-485F-92EC-336B4956F43F}.Release|Any CPU.ActiveCfg = Release|Any CPU
		{16601491-8F3A-485F-92EC-336B4956F43F}.Release|Any CPU.Build.0 = Release|Any CPU
		{16601491-8F3A-485F-92EC-336B4956F43F}.Release|x64.ActiveCfg = Release|Any CPU
		{16601491-8F3A-485F-92EC-336B4956F43F}.Release|x64.Build.0 = Release|Any CPU
		{16601491-8F3A-485F-92EC-336B4956F43F}.Release|x86.ActiveCfg = Release|Any CPU
		{16601491-8F3A-485F-92EC-336B4956F43F}.Release|x86.Build.0 = Release|Any CPU
		{8E7562D8-7088-4E71-97BC-8A5CFCF3A280}.Debug|Any CPU.ActiveCfg = Debug|Any CPU
		{8E7562D8-7088-4E71-97BC-8A5CFCF3A280}.Debug|Any CPU.Build.0 = Debug|Any CPU
		{8E7562D8-7088-4E71-97BC-8A5CFCF3A280}.Debug|x64.ActiveCfg = Debug|Any CPU
		{8E7562D8-7088-4E71-97BC-8A5CFCF3A280}.Debug|x64.Build.0 = Debug|Any CPU
		{8E7562D8-7088-4E71-97BC-8A5CFCF3A280}.Debug|x86.ActiveCfg = Debug|Any CPU
		{8E7562D8-7088-4E71-97BC-8A5CFCF3A280}.Debug|x86.Build.0 = Debug|Any CPU
		{8E7562D8-7088-4E71-97BC-8A5CFCF3A280}.Release|Any CPU.ActiveCfg = Release|Any CPU
		{8E7562D8-7088-4E71-97BC-8A5CFCF3A280}.Release|Any CPU.Build.0 = Release|Any CPU
		{8E7562D8-7088-4E71-97BC-8A5CFCF3A280}.Release|x64.ActiveCfg = Release|Any CPU
		{8E7562D8-7088-4E71-97BC-8A5CFCF3A280}.Release|x64.Build.0 = Release|Any CPU
		{8E7562D8-7088-4E71-97BC-8A5CFCF3A280}.Release|x86.ActiveCfg = Release|Any CPU
		{8E7562D8-7088-4E71-97BC-8A5CFCF3A280}.Release|x86.Build.0 = Release|Any CPU
		{6D5D47ED-B170-4617-8618-37774A6130F1}.Debug|Any CPU.ActiveCfg = Debug|Any CPU
		{6D5D47ED-B170-4617-8618-37774A6130F1}.Debug|Any CPU.Build.0 = Debug|Any CPU
		{6D5D47ED-B170-4617-8618-37774A6130F1}.Debug|x64.ActiveCfg = Debug|Any CPU
		{6D5D47ED-B170-4617-8618-37774A6130F1}.Debug|x64.Build.0 = Debug|Any CPU
		{6D5D47ED-B170-4617-8618-37774A6130F1}.Debug|x86.ActiveCfg = Debug|Any CPU
		{6D5D47ED-B170-4617-8618-37774A6130F1}.Debug|x86.Build.0 = Debug|Any CPU
		{6D5D47ED-B170-4617-8618-37774A6130F1}.Release|Any CPU.ActiveCfg = Release|Any CPU
		{6D5D47ED-B170-4617-8618-37774A6130F1}.Release|Any CPU.Build.0 = Release|Any CPU
		{6D5D47ED-B170-4617-8618-37774A6130F1}.Release|x64.ActiveCfg = Release|Any CPU
		{6D5D47ED-B170-4617-8618-37774A6130F1}.Release|x64.Build.0 = Release|Any CPU
		{6D5D47ED-B170-4617-8618-37774A6130F1}.Release|x86.ActiveCfg = Release|Any CPU
		{6D5D47ED-B170-4617-8618-37774A6130F1}.Release|x86.Build.0 = Release|Any CPU
	EndGlobalSection
	GlobalSection(SolutionProperties) = preSolution
		HideSolutionNode = FALSE
	EndGlobalSection
	GlobalSection(ExtensibilityGlobals) = postSolution
		SolutionGuid = {81AD2AA0-D020-421D-B901-3EA731A727D3}
	EndGlobalSection
	GlobalSection(NestedProjects) = preSolution
		{DC5A1956-37A2-4110-9DB7-5610E7D64B3B} = {BE740B30-0DB4-41EF-84C8-CA25996F98C6}
		{03176841-871B-4387-9150-2407F33493E5} = {BE740B30-0DB4-41EF-84C8-CA25996F98C6}
		{3FADFBF8-0872-425F-874B-E714D742255A} = {BE740B30-0DB4-41EF-84C8-CA25996F98C6}
		{F7691AAA-5043-4176-9822-BDE7CD58C27C} = {BE740B30-0DB4-41EF-84C8-CA25996F98C6}
		{16601491-8F3A-485F-92EC-336B4956F43F} = {9219B18D-63A9-47C3-B386-41AC79B311D7}
		{8E7562D8-7088-4E71-97BC-8A5CFCF3A280} = {9219B18D-63A9-47C3-B386-41AC79B311D7}
		{6D5D47ED-B170-4617-8618-37774A6130F1} = {9219B18D-63A9-47C3-B386-41AC79B311D7}
	EndGlobalSection
EndGlobal
